// !$*UTF8*$!
{
	archiveVersion = 1;
	classes = {
	};
	objectVersion = 56;
	objects = {

/* Begin PBXBuildFile section */
		DB012EB628CC8CC50000614E /* Localizable.strings in Resources */ = {isa = PBXBuildFile; fileRef = DB012EB428CC8CC50000614E /* Localizable.strings */; };
		DB13949128E0A51900FD54B9 /* GeoRecordDetailView.swift in Sources */ = {isa = PBXBuildFile; fileRef = DB13949028E0A51900FD54B9 /* GeoRecordDetailView.swift */; };
		DB2A944B28D470A000EB45AC /* SettingView.swift in Sources */ = {isa = PBXBuildFile; fileRef = DB2A944A28D470A000EB45AC /* SettingView.swift */; };
		DB60784F28D5B3C4000769F7 /* GeoRecordView.swift in Sources */ = {isa = PBXBuildFile; fileRef = DB60784E28D5B3C4000769F7 /* GeoRecordView.swift */; };
		DB8430D328C2605300D32D10 /* OpenCageDataApp.swift in Sources */ = {isa = PBXBuildFile; fileRef = DB8430D228C2605300D32D10 /* OpenCageDataApp.swift */; };
		DB8430D528C2605300D32D10 /* OpenCageData.swift in Sources */ = {isa = PBXBuildFile; fileRef = DB8430D428C2605300D32D10 /* OpenCageData.swift */; };
		DB8430D728C2605400D32D10 /* Assets.xcassets in Resources */ = {isa = PBXBuildFile; fileRef = DB8430D628C2605400D32D10 /* Assets.xcassets */; };
		DB8430DB28C2605400D32D10 /* Preview Assets.xcassets in Resources */ = {isa = PBXBuildFile; fileRef = DB8430DA28C2605400D32D10 /* Preview Assets.xcassets */; };
		DB8430E228C260A800D32D10 /* OpenCage.swift in Sources */ = {isa = PBXBuildFile; fileRef = DB8430E128C260A800D32D10 /* OpenCage.swift */; };
		DBAC095B28CB40B3004A9450 /* GeoLocation.swift in Sources */ = {isa = PBXBuildFile; fileRef = DBAC095A28CB40B3004A9450 /* GeoLocation.swift */; };
		DBAC095E28CB41D9004A9450 /* GeoRecord.swift in Sources */ = {isa = PBXBuildFile; fileRef = DBAC095D28CB41D9004A9450 /* GeoRecord.swift */; };
		DBAC096128CB8F6F004A9450 /* UserSetting.swift in Sources */ = {isa = PBXBuildFile; fileRef = DBAC096028CB8F6F004A9450 /* UserSetting.swift */; };
		DBF97E8A28E1C2CF0023EFAE /* ActivityIndicator.swift in Sources */ = {isa = PBXBuildFile; fileRef = DBF97E8928E1C2CF0023EFAE /* ActivityIndicator.swift */; };
/* End PBXBuildFile section */

/* Begin PBXFileReference section */
		DB012EB528CC8CC50000614E /* nb */ = {isa = PBXFileReference; lastKnownFileType = text.plist.strings; name = nb; path = nb.lproj/Localizable.strings; sourceTree = "<group>"; };
		DB13949028E0A51900FD54B9 /* GeoRecordDetailView.swift */ = {isa = PBXFileReference; lastKnownFileType = sourcecode.swift; path = GeoRecordDetailView.swift; sourceTree = "<group>"; };
		DB2A944A28D470A000EB45AC /* SettingView.swift */ = {isa = PBXFileReference; lastKnownFileType = sourcecode.swift; path = SettingView.swift; sourceTree = "<group>"; };
		DB60784E28D5B3C4000769F7 /* GeoRecordView.swift */ = {isa = PBXFileReference; lastKnownFileType = sourcecode.swift; path = GeoRecordView.swift; sourceTree = "<group>"; };
		DB8430CF28C2605300D32D10 /* OpenCageData.app */ = {isa = PBXFileReference; explicitFileType = wrapper.application; includeInIndex = 0; path = OpenCageData.app; sourceTree = BUILT_PRODUCTS_DIR; };
		DB8430D228C2605300D32D10 /* OpenCageDataApp.swift */ = {isa = PBXFileReference; lastKnownFileType = sourcecode.swift; path = OpenCageDataApp.swift; sourceTree = "<group>"; };
		DB8430D428C2605300D32D10 /* OpenCageData.swift */ = {isa = PBXFileReference; lastKnownFileType = sourcecode.swift; path = OpenCageData.swift; sourceTree = "<group>"; };
		DB8430D628C2605400D32D10 /* Assets.xcassets */ = {isa = PBXFileReference; lastKnownFileType = folder.assetcatalog; path = Assets.xcassets; sourceTree = "<group>"; };
		DB8430D828C2605400D32D10 /* OpenCageData.entitlements */ = {isa = PBXFileReference; lastKnownFileType = text.plist.entitlements; path = OpenCageData.entitlements; sourceTree = "<group>"; };
		DB8430DA28C2605400D32D10 /* Preview Assets.xcassets */ = {isa = PBXFileReference; lastKnownFileType = folder.assetcatalog; path = "Preview Assets.xcassets"; sourceTree = "<group>"; };
		DB8430E128C260A800D32D10 /* OpenCage.swift */ = {isa = PBXFileReference; lastKnownFileType = sourcecode.swift; path = OpenCage.swift; sourceTree = "<group>"; };
		DBAC095A28CB40B3004A9450 /* GeoLocation.swift */ = {isa = PBXFileReference; lastKnownFileType = sourcecode.swift; path = GeoLocation.swift; sourceTree = "<group>"; };
		DBAC095D28CB41D9004A9450 /* GeoRecord.swift */ = {isa = PBXFileReference; lastKnownFileType = sourcecode.swift; path = GeoRecord.swift; sourceTree = "<group>"; };
		DBAC096028CB8F6F004A9450 /* UserSetting.swift */ = {isa = PBXFileReference; lastKnownFileType = sourcecode.swift; path = UserSetting.swift; sourceTree = "<group>"; };
		DBF97E8928E1C2CF0023EFAE /* ActivityIndicator.swift */ = {isa = PBXFileReference; lastKnownFileType = sourcecode.swift; path = ActivityIndicator.swift; sourceTree = "<group>"; };
/* End PBXFileReference section */

/* Begin PBXFrameworksBuildPhase section */
		DB8430CC28C2605300D32D10 /* Frameworks */ = {
			isa = PBXFrameworksBuildPhase;
			buildActionMask = 2147483647;
			files = (
			);
			runOnlyForDeploymentPostprocessing = 0;
		};
/* End PBXFrameworksBuildPhase section */

/* Begin PBXGroup section */
		DB2ED09E28E0C53D00959374 /* Views */ = {
			isa = PBXGroup;
			children = (
				DB60784E28D5B3C4000769F7 /* GeoRecordView.swift */,
				DB13949028E0A51900FD54B9 /* GeoRecordDetailView.swift */,
				DB8430D428C2605300D32D10 /* OpenCageData.swift */,
				DB2A944A28D470A000EB45AC /* SettingView.swift */,
			);
			path = Views;
			sourceTree = "<group>";
		};
		DB2ED09F28E0C5BC00959374 /* Utilities */ = {
			isa = PBXGroup;
			children = (
				DBF97E8928E1C2CF0023EFAE /* ActivityIndicator.swift */,
				DBAC096028CB8F6F004A9450 /* UserSetting.swift */,
			);
			path = Utilities;
			sourceTree = "<group>";
		};
		DB8430C628C2605300D32D10 = {
			isa = PBXGroup;
			children = (
				DB8430D128C2605300D32D10 /* OpenCageData */,
				DB8430D028C2605300D32D10 /* Products */,
			);
			sourceTree = "<group>";
		};
		DB8430D028C2605300D32D10 /* Products */ = {
			isa = PBXGroup;
			children = (
				DB8430CF28C2605300D32D10 /* OpenCageData.app */,
			);
			name = Products;
			sourceTree = "<group>";
		};
		DB8430D128C2605300D32D10 /* OpenCageData */ = {
			isa = PBXGroup;
			children = (
				DB8430D628C2605400D32D10 /* Assets.xcassets */,
				DB012EB428CC8CC50000614E /* Localizable.strings */,
				DB8430D228C2605300D32D10 /* OpenCageDataApp.swift */,
				DBAC095F28CB4218004A9450 /* Geo */,
				DBAC095C28CB41AB004A9450 /* Model */,
				DB2ED09F28E0C5BC00959374 /* Utilities */,
				DB2ED09E28E0C53D00959374 /* Views */,
				DB8430D828C2605400D32D10 /* OpenCageData.entitlements */,
				DB8430D928C2605400D32D10 /* Preview Content */,
			);
			path = OpenCageData;
			sourceTree = "<group>";
		};
		DB8430D928C2605400D32D10 /* Preview Content */ = {
			isa = PBXGroup;
			children = (
				DB8430DA28C2605400D32D10 /* Preview Assets.xcassets */,
			);
			path = "Preview Content";
			sourceTree = "<group>";
		};
		DBAC095C28CB41AB004A9450 /* Model */ = {
			isa = PBXGroup;
			children = (
				DB8430E128C260A800D32D10 /* OpenCage.swift */,
				DBAC095D28CB41D9004A9450 /* GeoRecord.swift */,
			);
			path = Model;
			sourceTree = "<group>";
		};
		DBAC095F28CB4218004A9450 /* Geo */ = {
			isa = PBXGroup;
			children = (
				DBAC095A28CB40B3004A9450 /* GeoLocation.swift */,
			);
			path = Geo;
			sourceTree = "<group>";
		};
/* End PBXGroup section */

/* Begin PBXNativeTarget section */
		DB8430CE28C2605300D32D10 /* OpenCageData */ = {
			isa = PBXNativeTarget;
			buildConfigurationList = DB8430DE28C2605400D32D10 /* Build configuration list for PBXNativeTarget "OpenCageData" */;
			buildPhases = (
				DB8430CB28C2605300D32D10 /* Sources */,
				DB8430CC28C2605300D32D10 /* Frameworks */,
				DB8430CD28C2605300D32D10 /* Resources */,
			);
			buildRules = (
			);
			dependencies = (
			);
			name = OpenCageData;
			productName = OpenCageData;
			productReference = DB8430CF28C2605300D32D10 /* OpenCageData.app */;
			productType = "com.apple.product-type.application";
		};
/* End PBXNativeTarget section */

/* Begin PBXProject section */
		DB8430C728C2605300D32D10 /* Project object */ = {
			isa = PBXProject;
			attributes = {
				BuildIndependentTargetsInParallel = 1;
				LastSwiftUpdateCheck = 1400;
				LastUpgradeCheck = 1410;
				TargetAttributes = {
					DB8430CE28C2605300D32D10 = {
						CreatedOnToolsVersion = 14.0;
					};
				};
			};
			buildConfigurationList = DB8430CA28C2605300D32D10 /* Build configuration list for PBXProject "OpenCageData" */;
			compatibilityVersion = "Xcode 14.0";
			developmentRegion = en;
			hasScannedForEncodings = 0;
			knownRegions = (
				en,
				Base,
				nb,
			);
			mainGroup = DB8430C628C2605300D32D10;
			productRefGroup = DB8430D028C2605300D32D10 /* Products */;
			projectDirPath = "";
			projectRoot = "";
			targets = (
				DB8430CE28C2605300D32D10 /* OpenCageData */,
			);
		};
/* End PBXProject section */

/* Begin PBXResourcesBuildPhase section */
		DB8430CD28C2605300D32D10 /* Resources */ = {
			isa = PBXResourcesBuildPhase;
			buildActionMask = 2147483647;
			files = (
				DB8430DB28C2605400D32D10 /* Preview Assets.xcassets in Resources */,
				DB012EB628CC8CC50000614E /* Localizable.strings in Resources */,
				DB8430D728C2605400D32D10 /* Assets.xcassets in Resources */,
			);
			runOnlyForDeploymentPostprocessing = 0;
		};
/* End PBXResourcesBuildPhase section */

/* Begin PBXSourcesBuildPhase section */
		DB8430CB28C2605300D32D10 /* Sources */ = {
			isa = PBXSourcesBuildPhase;
			buildActionMask = 2147483647;
			files = (
				DBAC095E28CB41D9004A9450 /* GeoRecord.swift in Sources */,
				DB13949128E0A51900FD54B9 /* GeoRecordDetailView.swift in Sources */,
				DBAC095B28CB40B3004A9450 /* GeoLocation.swift in Sources */,
				DB8430E228C260A800D32D10 /* OpenCage.swift in Sources */,
				DB2A944B28D470A000EB45AC /* SettingView.swift in Sources */,
				DB60784F28D5B3C4000769F7 /* GeoRecordView.swift in Sources */,
				DBF97E8A28E1C2CF0023EFAE /* ActivityIndicator.swift in Sources */,
				DBAC096128CB8F6F004A9450 /* UserSetting.swift in Sources */,
				DB8430D528C2605300D32D10 /* OpenCageData.swift in Sources */,
				DB8430D328C2605300D32D10 /* OpenCageDataApp.swift in Sources */,
			);
			runOnlyForDeploymentPostprocessing = 0;
		};
/* End PBXSourcesBuildPhase section */

/* Begin PBXVariantGroup section */
		DB012EB428CC8CC50000614E /* Localizable.strings */ = {
			isa = PBXVariantGroup;
			children = (
				DB012EB528CC8CC50000614E /* nb */,
			);
			name = Localizable.strings;
			sourceTree = "<group>";
		};
/* End PBXVariantGroup section */

/* Begin XCBuildConfiguration section */
		DB8430DC28C2605400D32D10 /* Debug */ = {
			isa = XCBuildConfiguration;
			buildSettings = {
				ALWAYS_SEARCH_USER_PATHS = NO;
				CLANG_ANALYZER_LOCALIZABILITY_NONLOCALIZED = YES;
				CLANG_ANALYZER_NONNULL = YES;
				CLANG_ANALYZER_NUMBER_OBJECT_CONVERSION = YES_AGGRESSIVE;
				CLANG_CXX_LANGUAGE_STANDARD = "gnu++20";
				CLANG_ENABLE_MODULES = YES;
				CLANG_ENABLE_OBJC_ARC = YES;
				CLANG_ENABLE_OBJC_WEAK = YES;
				CLANG_WARN_BLOCK_CAPTURE_AUTORELEASING = YES;
				CLANG_WARN_BOOL_CONVERSION = YES;
				CLANG_WARN_COMMA = YES;
				CLANG_WARN_CONSTANT_CONVERSION = YES;
				CLANG_WARN_DEPRECATED_OBJC_IMPLEMENTATIONS = YES;
				CLANG_WARN_DIRECT_OBJC_ISA_USAGE = YES_ERROR;
				CLANG_WARN_DOCUMENTATION_COMMENTS = YES;
				CLANG_WARN_EMPTY_BODY = YES;
				CLANG_WARN_ENUM_CONVERSION = YES;
				CLANG_WARN_INFINITE_RECURSION = YES;
				CLANG_WARN_INT_CONVERSION = YES;
				CLANG_WARN_NON_LITERAL_NULL_CONVERSION = YES;
				CLANG_WARN_OBJC_IMPLICIT_RETAIN_SELF = YES;
				CLANG_WARN_OBJC_LITERAL_CONVERSION = YES;
				CLANG_WARN_OBJC_ROOT_CLASS = YES_ERROR;
				CLANG_WARN_QUOTED_INCLUDE_IN_FRAMEWORK_HEADER = YES;
				CLANG_WARN_RANGE_LOOP_ANALYSIS = YES;
				CLANG_WARN_STRICT_PROTOTYPES = YES;
				CLANG_WARN_SUSPICIOUS_MOVE = YES;
				CLANG_WARN_UNGUARDED_AVAILABILITY = YES_AGGRESSIVE;
				CLANG_WARN_UNREACHABLE_CODE = YES;
				CLANG_WARN__DUPLICATE_METHOD_MATCH = YES;
				COPY_PHASE_STRIP = NO;
				DEAD_CODE_STRIPPING = YES;
				DEBUG_INFORMATION_FORMAT = dwarf;
				ENABLE_STRICT_OBJC_MSGSEND = YES;
				ENABLE_TESTABILITY = YES;
				GCC_C_LANGUAGE_STANDARD = gnu11;
				GCC_DYNAMIC_NO_PIC = NO;
				GCC_NO_COMMON_BLOCKS = YES;
				GCC_OPTIMIZATION_LEVEL = 0;
				GCC_PREPROCESSOR_DEFINITIONS = (
					"DEBUG=1",
					"$(inherited)",
				);
				GCC_WARN_64_TO_32_BIT_CONVERSION = YES;
				GCC_WARN_ABOUT_RETURN_TYPE = YES_ERROR;
				GCC_WARN_UNDECLARED_SELECTOR = YES;
				GCC_WARN_UNINITIALIZED_AUTOS = YES_AGGRESSIVE;
				GCC_WARN_UNUSED_FUNCTION = YES;
				GCC_WARN_UNUSED_VARIABLE = YES;
				MTL_ENABLE_DEBUG_INFO = INCLUDE_SOURCE;
				MTL_FAST_MATH = YES;
				ONLY_ACTIVE_ARCH = YES;
				SWIFT_ACTIVE_COMPILATION_CONDITIONS = DEBUG;
				SWIFT_OPTIMIZATION_LEVEL = "-Onone";
			};
			name = Debug;
		};
		DB8430DD28C2605400D32D10 /* Release */ = {
			isa = XCBuildConfiguration;
			buildSettings = {
				ALWAYS_SEARCH_USER_PATHS = NO;
				CLANG_ANALYZER_LOCALIZABILITY_NONLOCALIZED = YES;
				CLANG_ANALYZER_NONNULL = YES;
				CLANG_ANALYZER_NUMBER_OBJECT_CONVERSION = YES_AGGRESSIVE;
				CLANG_CXX_LANGUAGE_STANDARD = "gnu++20";
				CLANG_ENABLE_MODULES = YES;
				CLANG_ENABLE_OBJC_ARC = YES;
				CLANG_ENABLE_OBJC_WEAK = YES;
				CLANG_WARN_BLOCK_CAPTURE_AUTORELEASING = YES;
				CLANG_WARN_BOOL_CONVERSION = YES;
				CLANG_WARN_COMMA = YES;
				CLANG_WARN_CONSTANT_CONVERSION = YES;
				CLANG_WARN_DEPRECATED_OBJC_IMPLEMENTATIONS = YES;
				CLANG_WARN_DIRECT_OBJC_ISA_USAGE = YES_ERROR;
				CLANG_WARN_DOCUMENTATION_COMMENTS = YES;
				CLANG_WARN_EMPTY_BODY = YES;
				CLANG_WARN_ENUM_CONVERSION = YES;
				CLANG_WARN_INFINITE_RECURSION = YES;
				CLANG_WARN_INT_CONVERSION = YES;
				CLANG_WARN_NON_LITERAL_NULL_CONVERSION = YES;
				CLANG_WARN_OBJC_IMPLICIT_RETAIN_SELF = YES;
				CLANG_WARN_OBJC_LITERAL_CONVERSION = YES;
				CLANG_WARN_OBJC_ROOT_CLASS = YES_ERROR;
				CLANG_WARN_QUOTED_INCLUDE_IN_FRAMEWORK_HEADER = YES;
				CLANG_WARN_RANGE_LOOP_ANALYSIS = YES;
				CLANG_WARN_STRICT_PROTOTYPES = YES;
				CLANG_WARN_SUSPICIOUS_MOVE = YES;
				CLANG_WARN_UNGUARDED_AVAILABILITY = YES_AGGRESSIVE;
				CLANG_WARN_UNREACHABLE_CODE = YES;
				CLANG_WARN__DUPLICATE_METHOD_MATCH = YES;
				COPY_PHASE_STRIP = NO;
				DEAD_CODE_STRIPPING = YES;
				DEBUG_INFORMATION_FORMAT = "dwarf-with-dsym";
				ENABLE_NS_ASSERTIONS = NO;
				ENABLE_STRICT_OBJC_MSGSEND = YES;
				GCC_C_LANGUAGE_STANDARD = gnu11;
				GCC_NO_COMMON_BLOCKS = YES;
				GCC_WARN_64_TO_32_BIT_CONVERSION = YES;
				GCC_WARN_ABOUT_RETURN_TYPE = YES_ERROR;
				GCC_WARN_UNDECLARED_SELECTOR = YES;
				GCC_WARN_UNINITIALIZED_AUTOS = YES_AGGRESSIVE;
				GCC_WARN_UNUSED_FUNCTION = YES;
				GCC_WARN_UNUSED_VARIABLE = YES;
				MTL_ENABLE_DEBUG_INFO = NO;
				MTL_FAST_MATH = YES;
				SWIFT_COMPILATION_MODE = wholemodule;
				SWIFT_OPTIMIZATION_LEVEL = "-O";
			};
			name = Release;
		};
		DB8430DF28C2605400D32D10 /* Debug */ = {
			isa = XCBuildConfiguration;
			buildSettings = {
				ASSETCATALOG_COMPILER_APPICON_NAME = AppIcon;
				ASSETCATALOG_COMPILER_GLOBAL_ACCENT_COLOR_NAME = AccentColor;
				CODE_SIGN_ENTITLEMENTS = OpenCageData/OpenCageData.entitlements;
				CODE_SIGN_IDENTITY = "-";
				"CODE_SIGN_IDENTITY[sdk=iphoneos*]" = "Apple Development";
				CODE_SIGN_STYLE = Automatic;
				CURRENT_PROJECT_VERSION = 1;
				DEAD_CODE_STRIPPING = YES;
				DEVELOPMENT_ASSET_PATHS = "\"OpenCageData/Preview Content\"";
				DEVELOPMENT_TEAM = 6UR9TA6744;
				ENABLE_HARDENED_RUNTIME = YES;
				ENABLE_PREVIEWS = YES;
				GENERATE_INFOPLIST_FILE = YES;
				"INFOPLIST_KEY_UIApplicationSceneManifest_Generation[sdk=iphoneos*]" = YES;
				"INFOPLIST_KEY_UIApplicationSceneManifest_Generation[sdk=iphonesimulator*]" = YES;
				"INFOPLIST_KEY_UIApplicationSupportsIndirectInputEvents[sdk=iphoneos*]" = YES;
				"INFOPLIST_KEY_UIApplicationSupportsIndirectInputEvents[sdk=iphonesimulator*]" = YES;
				"INFOPLIST_KEY_UILaunchScreen_Generation[sdk=iphoneos*]" = YES;
				"INFOPLIST_KEY_UILaunchScreen_Generation[sdk=iphonesimulator*]" = YES;
				"INFOPLIST_KEY_UIStatusBarStyle[sdk=iphoneos*]" = UIStatusBarStyleDefault;
				"INFOPLIST_KEY_UIStatusBarStyle[sdk=iphonesimulator*]" = UIStatusBarStyleDefault;
				INFOPLIST_KEY_UISupportedInterfaceOrientations_iPad = "UIInterfaceOrientationPortrait UIInterfaceOrientationPortraitUpsideDown UIInterfaceOrientationLandscapeLeft UIInterfaceOrientationLandscapeRight";
				INFOPLIST_KEY_UISupportedInterfaceOrientations_iPhone = "UIInterfaceOrientationPortrait UIInterfaceOrientationLandscapeLeft UIInterfaceOrientationLandscapeRight";
				IPHONEOS_DEPLOYMENT_TARGET = 16.0;
				LD_RUNPATH_SEARCH_PATHS = "@executable_path/Frameworks";
				"LD_RUNPATH_SEARCH_PATHS[sdk=macosx*]" = "@executable_path/../Frameworks";
				MACOSX_DEPLOYMENT_TARGET = 13.0;
				MARKETING_VERSION = 1.0;
				PRODUCT_BUNDLE_IDENTIFIER = com.janhovland.OpenCageData;
				PRODUCT_NAME = "$(TARGET_NAME)";
				SDKROOT = auto;
				SUPPORTED_PLATFORMS = "iphoneos iphonesimulator macosx";
				SWIFT_EMIT_LOC_STRINGS = YES;
				SWIFT_VERSION = 5.0;
				TARGETED_DEVICE_FAMILY = "1,2";
			};
			name = Debug;
		};
		DB8430E028C2605400D32D10 /* Release */ = {
			isa = XCBuildConfiguration;
			buildSettings = {
				ASSETCATALOG_COMPILER_APPICON_NAME = AppIcon;
				ASSETCATALOG_COMPILER_GLOBAL_ACCENT_COLOR_NAME = AccentColor;
				CODE_SIGN_ENTITLEMENTS = OpenCageData/OpenCageData.entitlements;
				CODE_SIGN_IDENTITY = "-";
				"CODE_SIGN_IDENTITY[sdk=iphoneos*]" = "Apple Development";
				CODE_SIGN_STYLE = Automatic;
				CURRENT_PROJECT_VERSION = 1;
				DEAD_CODE_STRIPPING = YES;
				DEVELOPMENT_ASSET_PATHS = "\"OpenCageData/Preview Content\"";
				DEVELOPMENT_TEAM = 6UR9TA6744;
				ENABLE_HARDENED_RUNTIME = YES;
				ENABLE_PREVIEWS = YES;
				GENERATE_INFOPLIST_FILE = YES;
				"INFOPLIST_KEY_UIApplicationSceneManifest_Generation[sdk=iphoneos*]" = YES;
				"INFOPLIST_KEY_UIApplicationSceneManifest_Generation[sdk=iphonesimulator*]" = YES;
				"INFOPLIST_KEY_UIApplicationSupportsIndirectInputEvents[sdk=iphoneos*]" = YES;
				"INFOPLIST_KEY_UIApplicationSupportsIndirectInputEvents[sdk=iphonesimulator*]" = YES;
				"INFOPLIST_KEY_UILaunchScreen_Generation[sdk=iphoneos*]" = YES;
				"INFOPLIST_KEY_UILaunchScreen_Generation[sdk=iphonesimulator*]" = YES;
				"INFOPLIST_KEY_UIStatusBarStyle[sdk=iphoneos*]" = UIStatusBarStyleDefault;
				"INFOPLIST_KEY_UIStatusBarStyle[sdk=iphonesimulator*]" = UIStatusBarStyleDefault;
				INFOPLIST_KEY_UISupportedInterfaceOrientations_iPad = "UIInterfaceOrientationPortrait UIInterfaceOrientationPortraitUpsideDown UIInterfaceOrientationLandscapeLeft UIInterfaceOrientationLandscapeRight";
				INFOPLIST_KEY_UISupportedInterfaceOrientations_iPhone = "UIInterfaceOrientationPortrait UIInterfaceOrientationLandscapeLeft UIInterfaceOrientationLandscapeRight";
				IPHONEOS_DEPLOYMENT_TARGET = 16.0;
				LD_RUNPATH_SEARCH_PATHS = "@executable_path/Frameworks";
				"LD_RUNPATH_SEARCH_PATHS[sdk=macosx*]" = "@executable_path/../Frameworks";
				MACOSX_DEPLOYMENT_TARGET = 13.0;
				MARKETING_VERSION = 1.0;
				PRODUCT_BUNDLE_IDENTIFIER = com.janhovland.OpenCageData;
				PRODUCT_NAME = "$(TARGET_NAME)";
				SDKROOT = auto;
				SUPPORTED_PLATFORMS = "iphoneos iphonesimulator macosx";
				SWIFT_EMIT_LOC_STRINGS = YES;
				SWIFT_VERSION = 5.0;
				TARGETED_DEVICE_FAMILY = "1,2";
			};
			name = Release;
		};
/* End XCBuildConfiguration section */

/* Begin XCConfigurationList section */
		DB8430CA28C2605300D32D10 /* Build configuration list for PBXProject "OpenCageData" */ = {
			isa = XCConfigurationList;
			buildConfigurations = (
				DB8430DC28C2605400D32D10 /* Debug */,
				DB8430DD28C2605400D32D10 /* Release */,
			);
			defaultConfigurationIsVisible = 0;
			defaultConfigurationName = Release;
		};
		DB8430DE28C2605400D32D10 /* Build configuration list for PBXNativeTarget "OpenCageData" */ = {
			isa = XCConfigurationList;
			buildConfigurations = (
				DB8430DF28C2605400D32D10 /* Debug */,
				DB8430E028C2605400D32D10 /* Release */,
			);
			defaultConfigurationIsVisible = 0;
			defaultConfigurationName = Release;
		};
/* End XCConfigurationList section */
	};
	rootObject = DB8430C728C2605300D32D10 /* Project object */;
}
